
Microsoft Visual Studio Solution File, Format Version 12.00
# Visual Studio Version 16
VisualStudioVersion = 25.0.1706.7
MinimumVisualStudioVersion = 10.0.40219.1
Project("{FAE04EC0-301F-11D3-BF4B-00C04F79EFBC}") = "UniTrainingWeb", "UniTrainingWeb\UniTrainingWeb.csproj", "{4DDC365B-1C25-4B76-A5C5-352EE7F8A12C}"
EndProject
Global
	GlobalSection(SolutionConfigurationPlatforms) = preSolution
		Debug|Any CPU = Debug|Any CPU
		Release|Any CPU = Release|Any CPU
	EndGlobalSection
	GlobalSection(ProjectConfigurationPlatforms) = postSolution
		{4DDC365B-1C25-4B76-A5C5-352EE7F8A12C}.Debug|Any CPU.ActiveCfg = Debug|Any CPU
		{4DDC365B-1C25-4B76-A5C5-352EE7F8A12C}.Debug|Any CPU.Build.0 = Debug|Any CPU
		{4DDC365B-1C25-4B76-A5C5-352EE7F8A12C}.Release|Any CPU.ActiveCfg = Release|Any CPU
		{4DDC365B-1C25-4B76-A5C5-352EE7F8A12C}.Release|Any CPU.Build.0 = Release|Any CPU
	EndGlobalSection
	GlobalSection(SolutionProperties) = preSolution
		HideSolutionNode = FALSE
	EndGlobalSection
	GlobalSection(ExtensibilityGlobals) = postSolution
		SolutionGuid = {9DE06C0B-1027-4375-8677-A775ED00DEC9}
	EndGlobalSection
EndGlobal
